{
  "version": 4,
  "terraform_version": "1.0.11",
  "serial": 43,
  "lineage": "86f3695a-378f-8f96-d3c4-5844958a9f10",
  "outputs": {
    "env": {
      "value": "qa",
      "type": "string"
    }
  },
  "resources": [
    {
      "mode": "data",
      "type": "azurerm_client_config",
      "name": "current",
      "provider": "provider[\"registry.terraform.io/hashicorp/azurerm\"]",
      "instances": [
        {
          "schema_version": 0,
          "attributes": {
            "client_id": "635095a9-bd60-4d01-b0c4-829b181d2353",
            "id": "2021-11-24 11:34:46.7439483 +0000 UTC",
            "object_id": "1a1217a3-94ad-4498-b1b5-d34dc624c6b6",
            "subscription_id": "100de0ff-5f8e-4cd1-82e8-995a0e278bab",
            "tenant_id": "b41b72d0-4e9f-4c26-8a69-f949f367c91d",
            "timeouts": null
          },
          "sensitive_attributes": []
        }
      ]
    },
    {
      "mode": "managed",
      "type": "azurerm_app_configuration",
      "name": "appconf",
      "provider": "provider[\"registry.terraform.io/hashicorp/azurerm\"]",
      "instances": [
        {
          "schema_version": 0,
          "attributes": {
            "endpoint": "https://apc-ihar-shatrou-qa.azconfig.io",
            "id": "/subscriptions/100de0ff-5f8e-4cd1-82e8-995a0e278bab/resourceGroups/rg1-ihar-shatrou-qa/providers/Microsoft.AppConfiguration/configurationStores/apc-ihar-shatrou-qa",
            "identity": [],
            "location": "westeurope",
            "name": "apc-ihar-shatrou-qa",
            "primary_read_key": [
              {
                "connection_string": "Endpoint=https://apc-ihar-shatrou-qa.azconfig.io;Id=dQq5-l9-s0:7vBU9SvgtdkFt4EFPvBI;Secret=eomytzLbMyoDKC+cWaw22Q1OacsdDvwSbWCzr05esuk=",
                "id": "dQq5-l9-s0:7vBU9SvgtdkFt4EFPvBI",
                "secret": "eomytzLbMyoDKC+cWaw22Q1OacsdDvwSbWCzr05esuk="
              }
            ],
            "primary_write_key": [
              {
                "connection_string": "Endpoint=https://apc-ihar-shatrou-qa.azconfig.io;Id=2BYI-l9-s0:Gnd5d65vMt8JwpziSvRQ;Secret=KZrnOQXy7njpacTJKxPWUYZoItR+SB464gjKR2mXgK8=",
                "id": "2BYI-l9-s0:Gnd5d65vMt8JwpziSvRQ",
                "secret": "KZrnOQXy7njpacTJKxPWUYZoItR+SB464gjKR2mXgK8="
              }
            ],
            "resource_group_name": "rg1-ihar-shatrou-qa",
            "secondary_read_key": [
              {
                "connection_string": "Endpoint=https://apc-ihar-shatrou-qa.azconfig.io;Id=BzMZ-l9-s0:wRnAx4N2e0on0Mri6DFY;Secret=q8joYQvSGsKAImKwVv33pZ4wh77T1gWcOlN/4b7/17A=",
                "id": "BzMZ-l9-s0:wRnAx4N2e0on0Mri6DFY",
                "secret": "q8joYQvSGsKAImKwVv33pZ4wh77T1gWcOlN/4b7/17A="
              }
            ],
            "secondary_write_key": [
              {
                "connection_string": "Endpoint=https://apc-ihar-shatrou-qa.azconfig.io;Id=6FF1-l9-s0:gKTbWEUH8Dw9jD6WuRT0;Secret=Xg99Af+ZzFbn9gYpz6vMg6pgyFDVzcbx7fyN7Ew7290=",
                "id": "6FF1-l9-s0:gKTbWEUH8Dw9jD6WuRT0",
                "secret": "Xg99Af+ZzFbn9gYpz6vMg6pgyFDVzcbx7fyN7Ew7290="
              }
            ],
            "sku": "free",
            "tags": {
              "environment": "qa",
              "owner": "Ihar-Shatrou",
              "task": "module 3"
            },
            "timeouts": null
          },
          "sensitive_attributes": [],
          "private": "eyJlMmJmYjczMC1lY2FhLTExZTYtOGY4OC0zNDM2M2JjN2M0YzAiOnsiY3JlYXRlIjoxODAwMDAwMDAwMDAwLCJkZWxldGUiOjE4MDAwMDAwMDAwMDAsInJlYWQiOjMwMDAwMDAwMDAwMCwidXBkYXRlIjoxODAwMDAwMDAwMDAwfX0=",
          "dependencies": [
            "azurerm_resource_group.rg_test"
          ]
        }
      ]
    },
    {
      "mode": "managed",
      "type": "azurerm_key_vault",
      "name": "keyvault",
      "provider": "provider[\"registry.terraform.io/hashicorp/azurerm\"].separateSubscription",
      "instances": [
        {
          "schema_version": 2,
          "attributes": {
            "access_policy": [],
            "contact": [],
            "enable_rbac_authorization": false,
            "enabled_for_deployment": false,
            "enabled_for_disk_encryption": false,
            "enabled_for_template_deployment": false,
            "id": "/subscriptions/0580d764-7d42-4f20-aee7-1a95f69d37ff/resourceGroups/rg2-ihar-shatrou-qa/providers/Microsoft.KeyVault/vaults/kv-ihar-shatrou-qa",
            "location": "westeurope",
            "name": "kv-ihar-shatrou-qa",
            "network_acls": [
              {
                "bypass": "AzureServices",
                "default_action": "Allow",
                "ip_rules": [],
                "virtual_network_subnet_ids": []
              }
            ],
            "purge_protection_enabled": false,
            "resource_group_name": "rg2-ihar-shatrou-qa",
            "sku_name": "standard",
            "soft_delete_enabled": true,
            "soft_delete_retention_days": 90,
            "tags": {
              "environment": "qa",
              "owner": "Ihar-Shatrou",
              "task": "module 3"
            },
            "tenant_id": "b41b72d0-4e9f-4c26-8a69-f949f367c91d",
            "timeouts": null,
            "vault_uri": "https://kv-ihar-shatrou-qa.vault.azure.net/"
          },
          "sensitive_attributes": [],
          "private": "eyJlMmJmYjczMC1lY2FhLTExZTYtOGY4OC0zNDM2M2JjN2M0YzAiOnsiY3JlYXRlIjoxODAwMDAwMDAwMDAwLCJkZWxldGUiOjE4MDAwMDAwMDAwMDAsInJlYWQiOjMwMDAwMDAwMDAwMCwidXBkYXRlIjoxODAwMDAwMDAwMDAwfSwic2NoZW1hX3ZlcnNpb24iOiIyIn0=",
          "dependencies": [
            "azurerm_resource_group.rg_test2",
            "data.azurerm_client_config.current"
          ]
        }
      ]
    },
    {
      "mode": "managed",
      "type": "azurerm_resource_group",
      "name": "rg_test",
      "provider": "provider[\"registry.terraform.io/hashicorp/azurerm\"]",
      "instances": [
        {
          "schema_version": 0,
          "attributes": {
            "id": "/subscriptions/100de0ff-5f8e-4cd1-82e8-995a0e278bab/resourceGroups/rg1-ihar-shatrou-qa",
            "location": "westeurope",
            "name": "rg1-ihar-shatrou-qa",
            "tags": {
              "environment": "qa",
              "owner": "Ihar-Shatrou",
              "task": "module 3"
            },
            "timeouts": null
          },
          "sensitive_attributes": [],
          "private": "eyJlMmJmYjczMC1lY2FhLTExZTYtOGY4OC0zNDM2M2JjN2M0YzAiOnsiY3JlYXRlIjo1NDAwMDAwMDAwMDAwLCJkZWxldGUiOjU0MDAwMDAwMDAwMDAsInJlYWQiOjMwMDAwMDAwMDAwMCwidXBkYXRlIjo1NDAwMDAwMDAwMDAwfX0="
        }
      ]
    },
    {
      "mode": "managed",
      "type": "azurerm_resource_group",
      "name": "rg_test2",
      "provider": "provider[\"registry.terraform.io/hashicorp/azurerm\"].separateSubscription",
      "instances": [
        {
          "schema_version": 0,
          "attributes": {
            "id": "/subscriptions/0580d764-7d42-4f20-aee7-1a95f69d37ff/resourceGroups/rg2-ihar-shatrou-qa",
            "location": "westeurope",
            "name": "rg2-ihar-shatrou-qa",
            "tags": {
              "environment": "qa",
              "owner": "Ihar-Shatrou",
              "task": "module 3"
            },
            "timeouts": null
          },
          "sensitive_attributes": [],
          "private": "eyJlMmJmYjczMC1lY2FhLTExZTYtOGY4OC0zNDM2M2JjN2M0YzAiOnsiY3JlYXRlIjo1NDAwMDAwMDAwMDAwLCJkZWxldGUiOjU0MDAwMDAwMDAwMDAsInJlYWQiOjMwMDAwMDAwMDAwMCwidXBkYXRlIjo1NDAwMDAwMDAwMDAwfX0="
        }
      ]
    }
  ]
}
