{
  "version": 4,
  "terraform_version": "1.0.11",
  "serial": 38,
  "lineage": "cfa76ab6-8eeb-1745-689b-f4ac1d4bf8e0",
  "outputs": {},
  "resources": [
    {
      "mode": "data",
      "type": "azurerm_client_config",
      "name": "current",
      "provider": "provider[\"registry.terraform.io/hashicorp/azurerm\"]",
      "instances": [
        {
          "schema_version": 0,
          "attributes": {
            "client_id": "635095a9-bd60-4d01-b0c4-829b181d2353",
            "id": "2021-11-23 11:29:38.1971218 +0000 UTC",
            "object_id": "1a1217a3-94ad-4498-b1b5-d34dc624c6b6",
            "subscription_id": "100de0ff-5f8e-4cd1-82e8-995a0e278bab",
            "tenant_id": "b41b72d0-4e9f-4c26-8a69-f949f367c91d",
            "timeouts": null
          },
          "sensitive_attributes": []
        }
      ]
    },
    {
      "mode": "managed",
      "type": "azurerm_app_configuration",
      "name": "appconf",
      "provider": "provider[\"registry.terraform.io/hashicorp/azurerm\"]",
      "instances": [
        {
          "schema_version": 0,
          "attributes": {
            "endpoint": "https://apc-ihar-shatrou.azconfig.io",
            "id": "/subscriptions/100de0ff-5f8e-4cd1-82e8-995a0e278bab/resourceGroups/rg1-ihar-shatrou/providers/Microsoft.AppConfiguration/configurationStores/apc-ihar-shatrou",
            "identity": [],
            "location": "westeurope",
            "name": "apc-ihar-shatrou",
            "primary_read_key": [
              {
                "connection_string": "Endpoint=https://apc-ihar-shatrou.azconfig.io;Id=+bsg-l9-s0:P+Bv2GFJOozhK+2U5Aco;Secret=KW5LPwTMcynOqODwAuXfoM/PJXmgG9W3cs97fsMwWr0=",
                "id": "+bsg-l9-s0:P+Bv2GFJOozhK+2U5Aco",
                "secret": "KW5LPwTMcynOqODwAuXfoM/PJXmgG9W3cs97fsMwWr0="
              }
            ],
            "primary_write_key": [
              {
                "connection_string": "Endpoint=https://apc-ihar-shatrou.azconfig.io;Id=hHxL-l9-s0:SNrkkLnVwEe0I/2E/k2s;Secret=kccl+yAvj0c6momKiHs7AHokQED9OnGDHQlraUxJ4kM=",
                "id": "hHxL-l9-s0:SNrkkLnVwEe0I/2E/k2s",
                "secret": "kccl+yAvj0c6momKiHs7AHokQED9OnGDHQlraUxJ4kM="
              }
            ],
            "resource_group_name": "rg1-ihar-shatrou",
            "secondary_read_key": [
              {
                "connection_string": "Endpoint=https://apc-ihar-shatrou.azconfig.io;Id=t50R-l9-s0:FSGpybwE8p1bVa4jIrtt;Secret=KhxS2KQIAk8/GgMzNZh5sM7FmS+TeY6pnRRsPRT6T90=",
                "id": "t50R-l9-s0:FSGpybwE8p1bVa4jIrtt",
                "secret": "KhxS2KQIAk8/GgMzNZh5sM7FmS+TeY6pnRRsPRT6T90="
              }
            ],
            "secondary_write_key": [
              {
                "connection_string": "Endpoint=https://apc-ihar-shatrou.azconfig.io;Id=VYr7-l9-s0:xEWXBvtNc2GBF7jo6BAN;Secret=kd5DSSKI04syk/ayFTpEzEoSkwg/xRpKGkAHw0RHsyo=",
                "id": "VYr7-l9-s0:xEWXBvtNc2GBF7jo6BAN",
                "secret": "kd5DSSKI04syk/ayFTpEzEoSkwg/xRpKGkAHw0RHsyo="
              }
            ],
            "sku": "free",
            "tags": {
              "owner": "Ihar-Shatrou",
              "task": "module 2"
            },
            "timeouts": null
          },
          "sensitive_attributes": [],
          "private": "eyJlMmJmYjczMC1lY2FhLTExZTYtOGY4OC0zNDM2M2JjN2M0YzAiOnsiY3JlYXRlIjoxODAwMDAwMDAwMDAwLCJkZWxldGUiOjE4MDAwMDAwMDAwMDAsInJlYWQiOjMwMDAwMDAwMDAwMCwidXBkYXRlIjoxODAwMDAwMDAwMDAwfX0=",
          "dependencies": [
            "azurerm_resource_group.rg_test"
          ]
        }
      ]
    },
    {
      "mode": "managed",
      "type": "azurerm_key_vault",
      "name": "keyvault",
      "provider": "provider[\"registry.terraform.io/hashicorp/azurerm\"].separateSubscription",
      "instances": [
        {
          "schema_version": 2,
          "attributes": {
            "access_policy": [],
            "contact": [],
            "enable_rbac_authorization": false,
            "enabled_for_deployment": false,
            "enabled_for_disk_encryption": false,
            "enabled_for_template_deployment": false,
            "id": "/subscriptions/0580d764-7d42-4f20-aee7-1a95f69d37ff/resourceGroups/rg2-ihar-shatrou/providers/Microsoft.KeyVault/vaults/kv-ihar-shatrou",
            "location": "westeurope",
            "name": "kv-ihar-shatrou",
            "network_acls": [
              {
                "bypass": "AzureServices",
                "default_action": "Allow",
                "ip_rules": [],
                "virtual_network_subnet_ids": []
              }
            ],
            "purge_protection_enabled": false,
            "resource_group_name": "rg2-ihar-shatrou",
            "sku_name": "standard",
            "soft_delete_enabled": true,
            "soft_delete_retention_days": 90,
            "tags": {
              "owner": "Ihar-Shatrou",
              "task": "module 2"
            },
            "tenant_id": "b41b72d0-4e9f-4c26-8a69-f949f367c91d",
            "timeouts": null,
            "vault_uri": "https://kv-ihar-shatrou.vault.azure.net/"
          },
          "sensitive_attributes": [],
          "private": "eyJlMmJmYjczMC1lY2FhLTExZTYtOGY4OC0zNDM2M2JjN2M0YzAiOnsiY3JlYXRlIjoxODAwMDAwMDAwMDAwLCJkZWxldGUiOjE4MDAwMDAwMDAwMDAsInJlYWQiOjMwMDAwMDAwMDAwMCwidXBkYXRlIjoxODAwMDAwMDAwMDAwfSwic2NoZW1hX3ZlcnNpb24iOiIyIn0=",
          "dependencies": [
            "azurerm_resource_group.rg_test2",
            "data.azurerm_client_config.current"
          ]
        }
      ]
    },
    {
      "mode": "managed",
      "type": "azurerm_resource_group",
      "name": "rg_test",
      "provider": "provider[\"registry.terraform.io/hashicorp/azurerm\"]",
      "instances": [
        {
          "schema_version": 0,
          "attributes": {
            "id": "/subscriptions/100de0ff-5f8e-4cd1-82e8-995a0e278bab/resourceGroups/rg1-ihar-shatrou",
            "location": "westeurope",
            "name": "rg1-ihar-shatrou",
            "tags": {
              "owner": "Ihar-Shatrou",
              "task": "module 2"
            },
            "timeouts": null
          },
          "sensitive_attributes": [],
          "private": "eyJlMmJmYjczMC1lY2FhLTExZTYtOGY4OC0zNDM2M2JjN2M0YzAiOnsiY3JlYXRlIjo1NDAwMDAwMDAwMDAwLCJkZWxldGUiOjU0MDAwMDAwMDAwMDAsInJlYWQiOjMwMDAwMDAwMDAwMCwidXBkYXRlIjo1NDAwMDAwMDAwMDAwfX0="
        }
      ]
    },
    {
      "mode": "managed",
      "type": "azurerm_resource_group",
      "name": "rg_test2",
      "provider": "provider[\"registry.terraform.io/hashicorp/azurerm\"].separateSubscription",
      "instances": [
        {
          "schema_version": 0,
          "attributes": {
            "id": "/subscriptions/0580d764-7d42-4f20-aee7-1a95f69d37ff/resourceGroups/rg2-ihar-shatrou",
            "location": "westeurope",
            "name": "rg2-ihar-shatrou",
            "tags": {
              "owner": "Ihar-Shatrou",
              "task": "module 2"
            },
            "timeouts": null
          },
          "sensitive_attributes": [],
          "private": "eyJlMmJmYjczMC1lY2FhLTExZTYtOGY4OC0zNDM2M2JjN2M0YzAiOnsiY3JlYXRlIjo1NDAwMDAwMDAwMDAwLCJkZWxldGUiOjU0MDAwMDAwMDAwMDAsInJlYWQiOjMwMDAwMDAwMDAwMCwidXBkYXRlIjo1NDAwMDAwMDAwMDAwfX0="
        }
      ]
    }
  ]
}
