{
  "version": 4,
  "terraform_version": "1.0.11",
  "serial": 69,
  "lineage": "03a31b1f-75fe-4e9f-443a-aafee0f929ab",
  "outputs": {
    "env": {
      "value": "qa",
      "type": "string"
    }
  },
  "resources": [
    {
      "mode": "data",
      "type": "azurerm_client_config",
      "name": "current",
      "provider": "provider[\"registry.terraform.io/hashicorp/azurerm\"]",
      "instances": [
        {
          "schema_version": 0,
          "attributes": {
            "client_id": "635095a9-bd60-4d01-b0c4-829b181d2353",
            "id": "2021-11-29 20:51:40.0038336 +0000 UTC",
            "object_id": "1a1217a3-94ad-4498-b1b5-d34dc624c6b6",
            "subscription_id": "100de0ff-5f8e-4cd1-82e8-995a0e278bab",
            "tenant_id": "b41b72d0-4e9f-4c26-8a69-f949f367c91d",
            "timeouts": null
          },
          "sensitive_attributes": []
        }
      ]
    },
    {
      "mode": "managed",
      "type": "azurerm_app_configuration",
      "name": "appconf",
      "provider": "provider[\"registry.terraform.io/hashicorp/azurerm\"]",
      "instances": [
        {
          "index_key": "northeu1",
          "schema_version": 0,
          "attributes": {
            "endpoint": "https://ac-ihar-s-qa-northeu1.azconfig.io",
            "id": "/subscriptions/100de0ff-5f8e-4cd1-82e8-995a0e278bab/resourceGroups/rg1-ihar-shatrou-qa/providers/Microsoft.AppConfiguration/configurationStores/ac-ihar-s-qa-northeu1",
            "identity": [],
            "location": "northeurope",
            "name": "ac-ihar-s-qa-northeu1",
            "primary_read_key": [
              {
                "connection_string": "Endpoint=https://ac-ihar-s-qa-northeu1.azconfig.io;Id=Kr7s-l8-s0:yEL/wHi09G+ScntfXncC;Secret=0BzbqlWPd9OIsupIy+DHedWW98wXXt3F1V+GKgs0z3c=",
                "id": "Kr7s-l8-s0:yEL/wHi09G+ScntfXncC",
                "secret": "0BzbqlWPd9OIsupIy+DHedWW98wXXt3F1V+GKgs0z3c="
              }
            ],
            "primary_write_key": [
              {
                "connection_string": "Endpoint=https://ac-ihar-s-qa-northeu1.azconfig.io;Id=gnAs-l8-s0:L2EFtKbTbdeYJQk/6Hpo;Secret=ggnZkZRwsPcqpc3mdTT+J0xbVe/Bm99LHcM7b5jcJ94=",
                "id": "gnAs-l8-s0:L2EFtKbTbdeYJQk/6Hpo",
                "secret": "ggnZkZRwsPcqpc3mdTT+J0xbVe/Bm99LHcM7b5jcJ94="
              }
            ],
            "resource_group_name": "rg1-ihar-shatrou-qa",
            "secondary_read_key": [
              {
                "connection_string": "Endpoint=https://ac-ihar-s-qa-northeu1.azconfig.io;Id=y6nB-l8-s0:umFBbiB1/IGOrfjjMzKF;Secret=3ox7xcSaF2rShuq88z9YJT0t7rvtUyjF1B51zKN0csk=",
                "id": "y6nB-l8-s0:umFBbiB1/IGOrfjjMzKF",
                "secret": "3ox7xcSaF2rShuq88z9YJT0t7rvtUyjF1B51zKN0csk="
              }
            ],
            "secondary_write_key": [
              {
                "connection_string": "Endpoint=https://ac-ihar-s-qa-northeu1.azconfig.io;Id=4Nra-l8-s0:s+uQdPYKFLtxjHU3pN7t;Secret=gqlU7zr+Mlraf+EmGb2bsJmNXlv/JcNT0M9o/Zz2e3M=",
                "id": "4Nra-l8-s0:s+uQdPYKFLtxjHU3pN7t",
                "secret": "gqlU7zr+Mlraf+EmGb2bsJmNXlv/JcNT0M9o/Zz2e3M="
              }
            ],
            "sku": "free",
            "tags": {
              "environment": "qa",
              "owner": "Ihar-Shatrou",
              "task": "module 3"
            },
            "timeouts": null
          },
          "sensitive_attributes": [],
          "private": "eyJlMmJmYjczMC1lY2FhLTExZTYtOGY4OC0zNDM2M2JjN2M0YzAiOnsiY3JlYXRlIjoxODAwMDAwMDAwMDAwLCJkZWxldGUiOjE4MDAwMDAwMDAwMDAsInJlYWQiOjMwMDAwMDAwMDAwMCwidXBkYXRlIjoxODAwMDAwMDAwMDAwfX0=",
          "dependencies": [
            "azurerm_resource_group.rg_test"
          ]
        },
        {
          "index_key": "northeu2",
          "schema_version": 0,
          "attributes": {
            "endpoint": "https://ac-ihar-s-qa-northeu2.azconfig.io",
            "id": "/subscriptions/100de0ff-5f8e-4cd1-82e8-995a0e278bab/resourceGroups/rg1-ihar-shatrou-qa/providers/Microsoft.AppConfiguration/configurationStores/ac-ihar-s-qa-northeu2",
            "identity": [],
            "location": "northeurope",
            "name": "ac-ihar-s-qa-northeu2",
            "primary_read_key": [
              {
                "connection_string": "Endpoint=https://ac-ihar-s-qa-northeu2.azconfig.io;Id=9zjw-l8-s0:kD+Hw0rbKe7/+QZCeFIB;Secret=M6P+AtFaIF/xR3LhbO38UmeJ9tg+bEfxl9UdWiuigOE=",
                "id": "9zjw-l8-s0:kD+Hw0rbKe7/+QZCeFIB",
                "secret": "M6P+AtFaIF/xR3LhbO38UmeJ9tg+bEfxl9UdWiuigOE="
              }
            ],
            "primary_write_key": [
              {
                "connection_string": "Endpoint=https://ac-ihar-s-qa-northeu2.azconfig.io;Id=UxSR-l8-s0:OhHKemTatl0JygIjQ2I/;Secret=+ZdJc0kh0RbWz7oelu1TkOtA4pCwSSc2Hsc0U6zhiCU=",
                "id": "UxSR-l8-s0:OhHKemTatl0JygIjQ2I/",
                "secret": "+ZdJc0kh0RbWz7oelu1TkOtA4pCwSSc2Hsc0U6zhiCU="
              }
            ],
            "resource_group_name": "rg1-ihar-shatrou-qa",
            "secondary_read_key": [
              {
                "connection_string": "Endpoint=https://ac-ihar-s-qa-northeu2.azconfig.io;Id=lMyj-l8-s0:mO2OcbBjM40UH1A6a7zF;Secret=aFo3ny8oIFpnZ1FKiunh68khhGbt/Mih2i76snVvXKM=",
                "id": "lMyj-l8-s0:mO2OcbBjM40UH1A6a7zF",
                "secret": "aFo3ny8oIFpnZ1FKiunh68khhGbt/Mih2i76snVvXKM="
              }
            ],
            "secondary_write_key": [
              {
                "connection_string": "Endpoint=https://ac-ihar-s-qa-northeu2.azconfig.io;Id=xYCO-l8-s0:iPJw4026HFciySRMR2Xh;Secret=IARGXZkg/XdCi7iL0q4y/4t0Alyq97uvMBL2+x5fGhY=",
                "id": "xYCO-l8-s0:iPJw4026HFciySRMR2Xh",
                "secret": "IARGXZkg/XdCi7iL0q4y/4t0Alyq97uvMBL2+x5fGhY="
              }
            ],
            "sku": "free",
            "tags": {
              "environment": "qa",
              "owner": "Ihar-Shatrou",
              "task": "module 3"
            },
            "timeouts": null
          },
          "sensitive_attributes": [],
          "private": "eyJlMmJmYjczMC1lY2FhLTExZTYtOGY4OC0zNDM2M2JjN2M0YzAiOnsiY3JlYXRlIjoxODAwMDAwMDAwMDAwLCJkZWxldGUiOjE4MDAwMDAwMDAwMDAsInJlYWQiOjMwMDAwMDAwMDAwMCwidXBkYXRlIjoxODAwMDAwMDAwMDAwfX0=",
          "dependencies": [
            "azurerm_resource_group.rg_test"
          ]
        },
        {
          "index_key": "westeu1",
          "schema_version": 0,
          "attributes": {
            "endpoint": "https://ac-ihar-s-qa-westeu1.azconfig.io",
            "id": "/subscriptions/100de0ff-5f8e-4cd1-82e8-995a0e278bab/resourceGroups/rg1-ihar-shatrou-qa/providers/Microsoft.AppConfiguration/configurationStores/ac-ihar-s-qa-westeu1",
            "identity": [],
            "location": "westeurope",
            "name": "ac-ihar-s-qa-westeu1",
            "primary_read_key": [
              {
                "connection_string": "Endpoint=https://ac-ihar-s-qa-westeu1.azconfig.io;Id=KPMZ-l9-s0:0bjTo23U/AH6SsSfodXF;Secret=BHvXQrmPycmzGtEtGH6Wr7VqS/vPcPGk1IdR6S22MZQ=",
                "id": "KPMZ-l9-s0:0bjTo23U/AH6SsSfodXF",
                "secret": "BHvXQrmPycmzGtEtGH6Wr7VqS/vPcPGk1IdR6S22MZQ="
              }
            ],
            "primary_write_key": [
              {
                "connection_string": "Endpoint=https://ac-ihar-s-qa-westeu1.azconfig.io;Id=Sffn-l9-s0:dUajUemEJqoO4i0SPXSs;Secret=gDfbwpM6to1fpXMo2LsBxNiXG59Dl/6QL2YxkTNiHgI=",
                "id": "Sffn-l9-s0:dUajUemEJqoO4i0SPXSs",
                "secret": "gDfbwpM6to1fpXMo2LsBxNiXG59Dl/6QL2YxkTNiHgI="
              }
            ],
            "resource_group_name": "rg1-ihar-shatrou-qa",
            "secondary_read_key": [
              {
                "connection_string": "Endpoint=https://ac-ihar-s-qa-westeu1.azconfig.io;Id=9OMH-l9-s0:27TsVhjtk7sYSTN0U9Yp;Secret=hWxRKx+tNFBozKNLjDusJ0/Hr6V18MBEI0vsLRz3qCg=",
                "id": "9OMH-l9-s0:27TsVhjtk7sYSTN0U9Yp",
                "secret": "hWxRKx+tNFBozKNLjDusJ0/Hr6V18MBEI0vsLRz3qCg="
              }
            ],
            "secondary_write_key": [
              {
                "connection_string": "Endpoint=https://ac-ihar-s-qa-westeu1.azconfig.io;Id=PLld-l9-s0:kDxGOpa9fPRBQW4/hJhH;Secret=bgRioYeatSYlP750g+CpqpJAmnexPX2zV9iCiP9PF6U=",
                "id": "PLld-l9-s0:kDxGOpa9fPRBQW4/hJhH",
                "secret": "bgRioYeatSYlP750g+CpqpJAmnexPX2zV9iCiP9PF6U="
              }
            ],
            "sku": "free",
            "tags": {
              "environment": "qa",
              "owner": "Ihar-Shatrou",
              "task": "module 3"
            },
            "timeouts": null
          },
          "sensitive_attributes": [],
          "private": "eyJlMmJmYjczMC1lY2FhLTExZTYtOGY4OC0zNDM2M2JjN2M0YzAiOnsiY3JlYXRlIjoxODAwMDAwMDAwMDAwLCJkZWxldGUiOjE4MDAwMDAwMDAwMDAsInJlYWQiOjMwMDAwMDAwMDAwMCwidXBkYXRlIjoxODAwMDAwMDAwMDAwfX0=",
          "dependencies": [
            "azurerm_resource_group.rg_test"
          ]
        },
        {
          "index_key": "westeu2",
          "schema_version": 0,
          "attributes": {
            "endpoint": "https://ac-ihar-s-qa-westeu2.azconfig.io",
            "id": "/subscriptions/100de0ff-5f8e-4cd1-82e8-995a0e278bab/resourceGroups/rg1-ihar-shatrou-qa/providers/Microsoft.AppConfiguration/configurationStores/ac-ihar-s-qa-westeu2",
            "identity": [],
            "location": "westeurope",
            "name": "ac-ihar-s-qa-westeu2",
            "primary_read_key": [
              {
                "connection_string": "Endpoint=https://ac-ihar-s-qa-westeu2.azconfig.io;Id=zDZa-l9-s0:90RgzXwC72VuXuxs3/mn;Secret=tPVoYcY8eBz7s41isByT7A8vWRmQhm4r8U6CmxKtc40=",
                "id": "zDZa-l9-s0:90RgzXwC72VuXuxs3/mn",
                "secret": "tPVoYcY8eBz7s41isByT7A8vWRmQhm4r8U6CmxKtc40="
              }
            ],
            "primary_write_key": [
              {
                "connection_string": "Endpoint=https://ac-ihar-s-qa-westeu2.azconfig.io;Id=K3rj-l9-s0:zl277Yqdfe2yvMV95/lV;Secret=c/rSz0hlyS2896MUpAqKf3A+apL7UpZJrqat83Dfyys=",
                "id": "K3rj-l9-s0:zl277Yqdfe2yvMV95/lV",
                "secret": "c/rSz0hlyS2896MUpAqKf3A+apL7UpZJrqat83Dfyys="
              }
            ],
            "resource_group_name": "rg1-ihar-shatrou-qa",
            "secondary_read_key": [
              {
                "connection_string": "Endpoint=https://ac-ihar-s-qa-westeu2.azconfig.io;Id=Z9T/-l9-s0:N7KWp5ZGcU3uqOwQULYs;Secret=aMYOSiLHidujPYLKkrVhjnLCrRu48IlAjHAwFtBGKoY=",
                "id": "Z9T/-l9-s0:N7KWp5ZGcU3uqOwQULYs",
                "secret": "aMYOSiLHidujPYLKkrVhjnLCrRu48IlAjHAwFtBGKoY="
              }
            ],
            "secondary_write_key": [
              {
                "connection_string": "Endpoint=https://ac-ihar-s-qa-westeu2.azconfig.io;Id=wSbS-l9-s0:WiILY/rFVVXVhsr0kdRj;Secret=e6GFD+V8BZnftuXg9jdTZrrGCKWQEn5GjnSJhcJsUkY=",
                "id": "wSbS-l9-s0:WiILY/rFVVXVhsr0kdRj",
                "secret": "e6GFD+V8BZnftuXg9jdTZrrGCKWQEn5GjnSJhcJsUkY="
              }
            ],
            "sku": "free",
            "tags": {
              "environment": "qa",
              "owner": "Ihar-Shatrou",
              "task": "module 3"
            },
            "timeouts": null
          },
          "sensitive_attributes": [],
          "private": "eyJlMmJmYjczMC1lY2FhLTExZTYtOGY4OC0zNDM2M2JjN2M0YzAiOnsiY3JlYXRlIjoxODAwMDAwMDAwMDAwLCJkZWxldGUiOjE4MDAwMDAwMDAwMDAsInJlYWQiOjMwMDAwMDAwMDAwMCwidXBkYXRlIjoxODAwMDAwMDAwMDAwfX0=",
          "dependencies": [
            "azurerm_resource_group.rg_test"
          ]
        }
      ]
    },
    {
      "mode": "managed",
      "type": "azurerm_key_vault",
      "name": "keyvault",
      "provider": "provider[\"registry.terraform.io/hashicorp/azurerm\"].separateSubscription",
      "instances": [
        {
          "index_key": "northeu1",
          "schema_version": 2,
          "attributes": {
            "access_policy": [
              {
                "application_id": "",
                "certificate_permissions": null,
                "key_permissions": [
                  "Get"
                ],
                "object_id": "1a1217a3-94ad-4498-b1b5-d34dc624c6b6",
                "secret_permissions": [
                  "Get",
                  "Set",
                  "List",
                  "Delete",
                  "Purge",
                  "Restore",
                  "Recover"
                ],
                "storage_permissions": [
                  "Get"
                ],
                "tenant_id": "b41b72d0-4e9f-4c26-8a69-f949f367c91d"
              }
            ],
            "contact": [],
            "enable_rbac_authorization": false,
            "enabled_for_deployment": false,
            "enabled_for_disk_encryption": false,
            "enabled_for_template_deployment": false,
            "id": "/subscriptions/100de0ff-5f8e-4cd1-82e8-995a0e278bab/resourceGroups/rg2-ihar-shatrou-qa/providers/Microsoft.KeyVault/vaults/kv-ihar-s-qa-northeu1",
            "location": "northeurope",
            "name": "kv-ihar-s-qa-northeu1",
            "network_acls": [
              {
                "bypass": "AzureServices",
                "default_action": "Allow",
                "ip_rules": [],
                "virtual_network_subnet_ids": []
              }
            ],
            "purge_protection_enabled": false,
            "resource_group_name": "rg2-ihar-shatrou-qa",
            "sku_name": "standard",
            "soft_delete_enabled": true,
            "soft_delete_retention_days": 90,
            "tags": {
              "environment": "qa",
              "owner": "Ihar-Shatrou",
              "task": "module 3"
            },
            "tenant_id": "b41b72d0-4e9f-4c26-8a69-f949f367c91d",
            "timeouts": null,
            "vault_uri": "https://kv-ihar-s-qa-northeu1.vault.azure.net/"
          },
          "sensitive_attributes": [],
          "private": "eyJlMmJmYjczMC1lY2FhLTExZTYtOGY4OC0zNDM2M2JjN2M0YzAiOnsiY3JlYXRlIjoxODAwMDAwMDAwMDAwLCJkZWxldGUiOjE4MDAwMDAwMDAwMDAsInJlYWQiOjMwMDAwMDAwMDAwMCwidXBkYXRlIjoxODAwMDAwMDAwMDAwfSwic2NoZW1hX3ZlcnNpb24iOiIyIn0=",
          "dependencies": [
            "azurerm_resource_group.rg_test2",
            "data.azurerm_client_config.current"
          ]
        },
        {
          "index_key": "northeu2",
          "schema_version": 2,
          "attributes": {
            "access_policy": [
              {
                "application_id": "",
                "certificate_permissions": null,
                "key_permissions": [
                  "Get"
                ],
                "object_id": "1a1217a3-94ad-4498-b1b5-d34dc624c6b6",
                "secret_permissions": [
                  "Get",
                  "Set",
                  "List",
                  "Delete",
                  "Purge",
                  "Restore",
                  "Recover"
                ],
                "storage_permissions": [
                  "Get"
                ],
                "tenant_id": "b41b72d0-4e9f-4c26-8a69-f949f367c91d"
              }
            ],
            "contact": [],
            "enable_rbac_authorization": false,
            "enabled_for_deployment": false,
            "enabled_for_disk_encryption": false,
            "enabled_for_template_deployment": false,
            "id": "/subscriptions/100de0ff-5f8e-4cd1-82e8-995a0e278bab/resourceGroups/rg2-ihar-shatrou-qa/providers/Microsoft.KeyVault/vaults/kv-ihar-s-qa-northeu2",
            "location": "northeurope",
            "name": "kv-ihar-s-qa-northeu2",
            "network_acls": [
              {
                "bypass": "AzureServices",
                "default_action": "Allow",
                "ip_rules": [],
                "virtual_network_subnet_ids": []
              }
            ],
            "purge_protection_enabled": false,
            "resource_group_name": "rg2-ihar-shatrou-qa",
            "sku_name": "standard",
            "soft_delete_enabled": true,
            "soft_delete_retention_days": 90,
            "tags": {
              "environment": "qa",
              "owner": "Ihar-Shatrou",
              "task": "module 3"
            },
            "tenant_id": "b41b72d0-4e9f-4c26-8a69-f949f367c91d",
            "timeouts": null,
            "vault_uri": "https://kv-ihar-s-qa-northeu2.vault.azure.net/"
          },
          "sensitive_attributes": [],
          "private": "eyJlMmJmYjczMC1lY2FhLTExZTYtOGY4OC0zNDM2M2JjN2M0YzAiOnsiY3JlYXRlIjoxODAwMDAwMDAwMDAwLCJkZWxldGUiOjE4MDAwMDAwMDAwMDAsInJlYWQiOjMwMDAwMDAwMDAwMCwidXBkYXRlIjoxODAwMDAwMDAwMDAwfSwic2NoZW1hX3ZlcnNpb24iOiIyIn0=",
          "dependencies": [
            "azurerm_resource_group.rg_test2",
            "data.azurerm_client_config.current"
          ]
        },
        {
          "index_key": "westeu1",
          "schema_version": 2,
          "attributes": {
            "access_policy": [
              {
                "application_id": "",
                "certificate_permissions": null,
                "key_permissions": [
                  "Get"
                ],
                "object_id": "1a1217a3-94ad-4498-b1b5-d34dc624c6b6",
                "secret_permissions": [
                  "Get",
                  "Set",
                  "List",
                  "Delete",
                  "Purge",
                  "Restore",
                  "Recover"
                ],
                "storage_permissions": [
                  "Get"
                ],
                "tenant_id": "b41b72d0-4e9f-4c26-8a69-f949f367c91d"
              }
            ],
            "contact": [],
            "enable_rbac_authorization": false,
            "enabled_for_deployment": false,
            "enabled_for_disk_encryption": false,
            "enabled_for_template_deployment": false,
            "id": "/subscriptions/100de0ff-5f8e-4cd1-82e8-995a0e278bab/resourceGroups/rg2-ihar-shatrou-qa/providers/Microsoft.KeyVault/vaults/kv-ihar-s-qa-westeu1",
            "location": "westeurope",
            "name": "kv-ihar-s-qa-westeu1",
            "network_acls": [
              {
                "bypass": "AzureServices",
                "default_action": "Allow",
                "ip_rules": [],
                "virtual_network_subnet_ids": []
              }
            ],
            "purge_protection_enabled": false,
            "resource_group_name": "rg2-ihar-shatrou-qa",
            "sku_name": "standard",
            "soft_delete_enabled": true,
            "soft_delete_retention_days": 90,
            "tags": {
              "environment": "qa",
              "owner": "Ihar-Shatrou",
              "task": "module 3"
            },
            "tenant_id": "b41b72d0-4e9f-4c26-8a69-f949f367c91d",
            "timeouts": null,
            "vault_uri": "https://kv-ihar-s-qa-westeu1.vault.azure.net/"
          },
          "sensitive_attributes": [],
          "private": "eyJlMmJmYjczMC1lY2FhLTExZTYtOGY4OC0zNDM2M2JjN2M0YzAiOnsiY3JlYXRlIjoxODAwMDAwMDAwMDAwLCJkZWxldGUiOjE4MDAwMDAwMDAwMDAsInJlYWQiOjMwMDAwMDAwMDAwMCwidXBkYXRlIjoxODAwMDAwMDAwMDAwfSwic2NoZW1hX3ZlcnNpb24iOiIyIn0=",
          "dependencies": [
            "azurerm_resource_group.rg_test2",
            "data.azurerm_client_config.current"
          ]
        },
        {
          "index_key": "westeu2",
          "schema_version": 2,
          "attributes": {
            "access_policy": [
              {
                "application_id": "",
                "certificate_permissions": null,
                "key_permissions": [
                  "Get"
                ],
                "object_id": "1a1217a3-94ad-4498-b1b5-d34dc624c6b6",
                "secret_permissions": [
                  "Get",
                  "Set",
                  "List",
                  "Delete",
                  "Purge",
                  "Restore",
                  "Recover"
                ],
                "storage_permissions": [
                  "Get"
                ],
                "tenant_id": "b41b72d0-4e9f-4c26-8a69-f949f367c91d"
              }
            ],
            "contact": [],
            "enable_rbac_authorization": false,
            "enabled_for_deployment": false,
            "enabled_for_disk_encryption": false,
            "enabled_for_template_deployment": false,
            "id": "/subscriptions/100de0ff-5f8e-4cd1-82e8-995a0e278bab/resourceGroups/rg2-ihar-shatrou-qa/providers/Microsoft.KeyVault/vaults/kv-ihar-s-qa-westeu2",
            "location": "westeurope",
            "name": "kv-ihar-s-qa-westeu2",
            "network_acls": [
              {
                "bypass": "AzureServices",
                "default_action": "Allow",
                "ip_rules": [],
                "virtual_network_subnet_ids": []
              }
            ],
            "purge_protection_enabled": false,
            "resource_group_name": "rg2-ihar-shatrou-qa",
            "sku_name": "standard",
            "soft_delete_enabled": true,
            "soft_delete_retention_days": 90,
            "tags": {
              "environment": "qa",
              "owner": "Ihar-Shatrou",
              "task": "module 3"
            },
            "tenant_id": "b41b72d0-4e9f-4c26-8a69-f949f367c91d",
            "timeouts": null,
            "vault_uri": "https://kv-ihar-s-qa-westeu2.vault.azure.net/"
          },
          "sensitive_attributes": [],
          "private": "eyJlMmJmYjczMC1lY2FhLTExZTYtOGY4OC0zNDM2M2JjN2M0YzAiOnsiY3JlYXRlIjoxODAwMDAwMDAwMDAwLCJkZWxldGUiOjE4MDAwMDAwMDAwMDAsInJlYWQiOjMwMDAwMDAwMDAwMCwidXBkYXRlIjoxODAwMDAwMDAwMDAwfSwic2NoZW1hX3ZlcnNpb24iOiIyIn0=",
          "dependencies": [
            "azurerm_resource_group.rg_test2",
            "data.azurerm_client_config.current"
          ]
        }
      ]
    },
    {
      "mode": "managed",
      "type": "azurerm_key_vault_secret",
      "name": "sql_server_pass_secret",
      "provider": "provider[\"registry.terraform.io/hashicorp/azurerm\"]",
      "instances": [
        {
          "schema_version": 0,
          "attributes": {
            "content_type": "",
            "expiration_date": null,
            "id": "https://kv-ihar-s-qa-westeu1.vault.azure.net/secrets/sqlserverpass/63ef0b15704141a494d8d7c103e16f03",
            "key_vault_id": "/subscriptions/100de0ff-5f8e-4cd1-82e8-995a0e278bab/resourceGroups/rg2-ihar-shatrou-qa/providers/Microsoft.KeyVault/vaults/kv-ihar-s-qa-westeu1",
            "name": "sqlserverpass",
            "not_before_date": null,
            "tags": null,
            "timeouts": null,
            "value": "q5BykGydfhlA4PT%",
            "version": "63ef0b15704141a494d8d7c103e16f03",
            "versionless_id": "https://kv-ihar-s-qa-westeu1.vault.azure.net/secrets/sqlserverpass"
          },
          "sensitive_attributes": [
            [
              {
                "type": "get_attr",
                "value": "value"
              }
            ]
          ],
          "private": "eyJlMmJmYjczMC1lY2FhLTExZTYtOGY4OC0zNDM2M2JjN2M0YzAiOnsiY3JlYXRlIjoxODAwMDAwMDAwMDAwLCJkZWxldGUiOjE4MDAwMDAwMDAwMDAsInJlYWQiOjMwMDAwMDAwMDAwMCwidXBkYXRlIjoxODAwMDAwMDAwMDAwfX0=",
          "dependencies": [
            "azurerm_key_vault.keyvault",
            "azurerm_resource_group.rg_test2",
            "data.azurerm_client_config.current",
            "random_password.sql_server_pass"
          ]
        }
      ]
    },
    {
      "mode": "managed",
      "type": "azurerm_resource_group",
      "name": "rg_test",
      "provider": "provider[\"registry.terraform.io/hashicorp/azurerm\"]",
      "instances": [
        {
          "schema_version": 0,
          "attributes": {
            "id": "/subscriptions/100de0ff-5f8e-4cd1-82e8-995a0e278bab/resourceGroups/rg1-ihar-shatrou-qa",
            "location": "westeurope",
            "name": "rg1-ihar-shatrou-qa",
            "tags": {
              "environment": "qa",
              "owner": "Ihar-Shatrou",
              "task": "module 3"
            },
            "timeouts": null
          },
          "sensitive_attributes": [],
          "private": "eyJlMmJmYjczMC1lY2FhLTExZTYtOGY4OC0zNDM2M2JjN2M0YzAiOnsiY3JlYXRlIjo1NDAwMDAwMDAwMDAwLCJkZWxldGUiOjU0MDAwMDAwMDAwMDAsInJlYWQiOjMwMDAwMDAwMDAwMCwidXBkYXRlIjo1NDAwMDAwMDAwMDAwfX0="
        }
      ]
    },
    {
      "mode": "managed",
      "type": "azurerm_resource_group",
      "name": "rg_test2",
      "provider": "provider[\"registry.terraform.io/hashicorp/azurerm\"].separateSubscription",
      "instances": [
        {
          "schema_version": 0,
          "attributes": {
            "id": "/subscriptions/100de0ff-5f8e-4cd1-82e8-995a0e278bab/resourceGroups/rg2-ihar-shatrou-qa",
            "location": "westeurope",
            "name": "rg2-ihar-shatrou-qa",
            "tags": {
              "environment": "qa",
              "owner": "Ihar-Shatrou",
              "task": "module 3"
            },
            "timeouts": null
          },
          "sensitive_attributes": [],
          "private": "eyJlMmJmYjczMC1lY2FhLTExZTYtOGY4OC0zNDM2M2JjN2M0YzAiOnsiY3JlYXRlIjo1NDAwMDAwMDAwMDAwLCJkZWxldGUiOjU0MDAwMDAwMDAwMDAsInJlYWQiOjMwMDAwMDAwMDAwMCwidXBkYXRlIjo1NDAwMDAwMDAwMDAwfX0="
        }
      ]
    },
    {
      "mode": "managed",
      "type": "azurerm_storage_account",
      "name": "sa1",
      "provider": "provider[\"registry.terraform.io/hashicorp/azurerm\"]",
      "instances": [
        {
          "index_key": "northeu1",
          "schema_version": 2,
          "attributes": {
            "access_tier": "Hot",
            "account_kind": "StorageV2",
            "account_replication_type": "LRS",
            "account_tier": "Standard",
            "allow_blob_public_access": false,
            "azure_files_authentication": [],
            "blob_properties": [
              {
                "change_feed_enabled": false,
                "container_delete_retention_policy": [],
                "cors_rule": [],
                "default_service_version": "",
                "delete_retention_policy": [],
                "last_access_time_enabled": false,
                "versioning_enabled": false
              }
            ],
            "custom_domain": [],
            "enable_https_traffic_only": true,
            "id": "/subscriptions/100de0ff-5f8e-4cd1-82e8-995a0e278bab/resourceGroups/rg1-ihar-shatrou-qa/providers/Microsoft.Storage/storageAccounts/sttestiharsqanortheu1",
            "identity": [],
            "is_hns_enabled": false,
            "large_file_share_enabled": null,
            "location": "northeurope",
            "min_tls_version": "TLS1_0",
            "name": "sttestiharsqanortheu1",
            "network_rules": [
              {
                "bypass": [
                  "AzureServices"
                ],
                "default_action": "Allow",
                "ip_rules": [],
                "private_link_access": [],
                "virtual_network_subnet_ids": []
              }
            ],
            "nfsv3_enabled": false,
            "primary_access_key": "OD3as7opzN1YBjzDtMRaNq3xNWzA54XNf+uzRimgKCKI3qRjLI7j0xL8hcUbLVctX6UuMtfPnwPlasBfgy5r9w==",
            "primary_blob_connection_string": "DefaultEndpointsProtocol=https;BlobEndpoint=https://sttestiharsqanortheu1.blob.core.windows.net/;AccountName=sttestiharsqanortheu1;AccountKey=OD3as7opzN1YBjzDtMRaNq3xNWzA54XNf+uzRimgKCKI3qRjLI7j0xL8hcUbLVctX6UuMtfPnwPlasBfgy5r9w==",
            "primary_blob_endpoint": "https://sttestiharsqanortheu1.blob.core.windows.net/",
            "primary_blob_host": "sttestiharsqanortheu1.blob.core.windows.net",
            "primary_connection_string": "DefaultEndpointsProtocol=https;AccountName=sttestiharsqanortheu1;AccountKey=OD3as7opzN1YBjzDtMRaNq3xNWzA54XNf+uzRimgKCKI3qRjLI7j0xL8hcUbLVctX6UuMtfPnwPlasBfgy5r9w==;EndpointSuffix=core.windows.net",
            "primary_dfs_endpoint": "https://sttestiharsqanortheu1.dfs.core.windows.net/",
            "primary_dfs_host": "sttestiharsqanortheu1.dfs.core.windows.net",
            "primary_file_endpoint": "https://sttestiharsqanortheu1.file.core.windows.net/",
            "primary_file_host": "sttestiharsqanortheu1.file.core.windows.net",
            "primary_location": "northeurope",
            "primary_queue_endpoint": "https://sttestiharsqanortheu1.queue.core.windows.net/",
            "primary_queue_host": "sttestiharsqanortheu1.queue.core.windows.net",
            "primary_table_endpoint": "https://sttestiharsqanortheu1.table.core.windows.net/",
            "primary_table_host": "sttestiharsqanortheu1.table.core.windows.net",
            "primary_web_endpoint": "https://sttestiharsqanortheu1.z16.web.core.windows.net/",
            "primary_web_host": "sttestiharsqanortheu1.z16.web.core.windows.net",
            "queue_properties": [
              {
                "cors_rule": [],
                "hour_metrics": [
                  {
                    "enabled": true,
                    "include_apis": true,
                    "retention_policy_days": 7,
                    "version": "1.0"
                  }
                ],
                "logging": [
                  {
                    "delete": false,
                    "read": false,
                    "retention_policy_days": 0,
                    "version": "1.0",
                    "write": false
                  }
                ],
                "minute_metrics": [
                  {
                    "enabled": false,
                    "include_apis": false,
                    "retention_policy_days": 0,
                    "version": "1.0"
                  }
                ]
              }
            ],
            "resource_group_name": "rg1-ihar-shatrou-qa",
            "routing": [],
            "secondary_access_key": "8ZhiUn3l1NYiTwigaCYWhGgSrh+eiPMusWz+ud6C3D+TxW+3mpu735nTI2MJPW0rLdyJsvPOZ9IVdRsMfZd9JA==",
            "secondary_blob_connection_string": "",
            "secondary_blob_endpoint": null,
            "secondary_blob_host": null,
            "secondary_connection_string": "DefaultEndpointsProtocol=https;AccountName=sttestiharsqanortheu1;AccountKey=8ZhiUn3l1NYiTwigaCYWhGgSrh+eiPMusWz+ud6C3D+TxW+3mpu735nTI2MJPW0rLdyJsvPOZ9IVdRsMfZd9JA==;EndpointSuffix=core.windows.net",
            "secondary_dfs_endpoint": null,
            "secondary_dfs_host": null,
            "secondary_file_endpoint": null,
            "secondary_file_host": null,
            "secondary_location": "",
            "secondary_queue_endpoint": null,
            "secondary_queue_host": null,
            "secondary_table_endpoint": null,
            "secondary_table_host": null,
            "secondary_web_endpoint": null,
            "secondary_web_host": null,
            "share_properties": [
              {
                "cors_rule": [],
                "retention_policy": [
                  {
                    "days": 7
                  }
                ],
                "smb": []
              }
            ],
            "shared_access_key_enabled": true,
            "static_website": [],
            "tags": {
              "environment": "qa",
              "owner": "Ihar-Shatrou",
              "task": "module 3"
            },
            "timeouts": null
          },
          "sensitive_attributes": [],
          "private": "eyJlMmJmYjczMC1lY2FhLTExZTYtOGY4OC0zNDM2M2JjN2M0YzAiOnsiY3JlYXRlIjozNjAwMDAwMDAwMDAwLCJkZWxldGUiOjM2MDAwMDAwMDAwMDAsInJlYWQiOjMwMDAwMDAwMDAwMCwidXBkYXRlIjozNjAwMDAwMDAwMDAwfSwic2NoZW1hX3ZlcnNpb24iOiIyIn0=",
          "dependencies": [
            "azurerm_resource_group.rg_test"
          ]
        },
        {
          "index_key": "northeu2",
          "schema_version": 2,
          "attributes": {
            "access_tier": "Hot",
            "account_kind": "StorageV2",
            "account_replication_type": "LRS",
            "account_tier": "Standard",
            "allow_blob_public_access": false,
            "azure_files_authentication": [],
            "blob_properties": [
              {
                "change_feed_enabled": false,
                "container_delete_retention_policy": [],
                "cors_rule": [],
                "default_service_version": "",
                "delete_retention_policy": [],
                "last_access_time_enabled": false,
                "versioning_enabled": false
              }
            ],
            "custom_domain": [],
            "enable_https_traffic_only": true,
            "id": "/subscriptions/100de0ff-5f8e-4cd1-82e8-995a0e278bab/resourceGroups/rg1-ihar-shatrou-qa/providers/Microsoft.Storage/storageAccounts/sttestiharsqanortheu2",
            "identity": [],
            "is_hns_enabled": false,
            "large_file_share_enabled": null,
            "location": "northeurope",
            "min_tls_version": "TLS1_0",
            "name": "sttestiharsqanortheu2",
            "network_rules": [
              {
                "bypass": [
                  "AzureServices"
                ],
                "default_action": "Allow",
                "ip_rules": [],
                "private_link_access": [],
                "virtual_network_subnet_ids": []
              }
            ],
            "nfsv3_enabled": false,
            "primary_access_key": "nF0PVdL5D38PHskIHKLKEZp3wgzmgNdlTDX/LhlqI8A+oTjyV3tYFPAPti81Y7TlCqajAvC+kVoVbAhrxhebLw==",
            "primary_blob_connection_string": "DefaultEndpointsProtocol=https;BlobEndpoint=https://sttestiharsqanortheu2.blob.core.windows.net/;AccountName=sttestiharsqanortheu2;AccountKey=nF0PVdL5D38PHskIHKLKEZp3wgzmgNdlTDX/LhlqI8A+oTjyV3tYFPAPti81Y7TlCqajAvC+kVoVbAhrxhebLw==",
            "primary_blob_endpoint": "https://sttestiharsqanortheu2.blob.core.windows.net/",
            "primary_blob_host": "sttestiharsqanortheu2.blob.core.windows.net",
            "primary_connection_string": "DefaultEndpointsProtocol=https;AccountName=sttestiharsqanortheu2;AccountKey=nF0PVdL5D38PHskIHKLKEZp3wgzmgNdlTDX/LhlqI8A+oTjyV3tYFPAPti81Y7TlCqajAvC+kVoVbAhrxhebLw==;EndpointSuffix=core.windows.net",
            "primary_dfs_endpoint": "https://sttestiharsqanortheu2.dfs.core.windows.net/",
            "primary_dfs_host": "sttestiharsqanortheu2.dfs.core.windows.net",
            "primary_file_endpoint": "https://sttestiharsqanortheu2.file.core.windows.net/",
            "primary_file_host": "sttestiharsqanortheu2.file.core.windows.net",
            "primary_location": "northeurope",
            "primary_queue_endpoint": "https://sttestiharsqanortheu2.queue.core.windows.net/",
            "primary_queue_host": "sttestiharsqanortheu2.queue.core.windows.net",
            "primary_table_endpoint": "https://sttestiharsqanortheu2.table.core.windows.net/",
            "primary_table_host": "sttestiharsqanortheu2.table.core.windows.net",
            "primary_web_endpoint": "https://sttestiharsqanortheu2.z16.web.core.windows.net/",
            "primary_web_host": "sttestiharsqanortheu2.z16.web.core.windows.net",
            "queue_properties": [
              {
                "cors_rule": [],
                "hour_metrics": [
                  {
                    "enabled": true,
                    "include_apis": true,
                    "retention_policy_days": 7,
                    "version": "1.0"
                  }
                ],
                "logging": [
                  {
                    "delete": false,
                    "read": false,
                    "retention_policy_days": 0,
                    "version": "1.0",
                    "write": false
                  }
                ],
                "minute_metrics": [
                  {
                    "enabled": false,
                    "include_apis": false,
                    "retention_policy_days": 0,
                    "version": "1.0"
                  }
                ]
              }
            ],
            "resource_group_name": "rg1-ihar-shatrou-qa",
            "routing": [],
            "secondary_access_key": "VX6gaEcqYxLNjr2613eK+siQuD+NKXI1oHVPnCPBUWWM09fjuLc6VYq1Ta4wasIp7sYoGZGoJjZ1fiXWIp99Ag==",
            "secondary_blob_connection_string": "",
            "secondary_blob_endpoint": null,
            "secondary_blob_host": null,
            "secondary_connection_string": "DefaultEndpointsProtocol=https;AccountName=sttestiharsqanortheu2;AccountKey=VX6gaEcqYxLNjr2613eK+siQuD+NKXI1oHVPnCPBUWWM09fjuLc6VYq1Ta4wasIp7sYoGZGoJjZ1fiXWIp99Ag==;EndpointSuffix=core.windows.net",
            "secondary_dfs_endpoint": null,
            "secondary_dfs_host": null,
            "secondary_file_endpoint": null,
            "secondary_file_host": null,
            "secondary_location": "",
            "secondary_queue_endpoint": null,
            "secondary_queue_host": null,
            "secondary_table_endpoint": null,
            "secondary_table_host": null,
            "secondary_web_endpoint": null,
            "secondary_web_host": null,
            "share_properties": [
              {
                "cors_rule": [],
                "retention_policy": [
                  {
                    "days": 7
                  }
                ],
                "smb": []
              }
            ],
            "shared_access_key_enabled": true,
            "static_website": [],
            "tags": {
              "environment": "qa",
              "owner": "Ihar-Shatrou",
              "task": "module 3"
            },
            "timeouts": null
          },
          "sensitive_attributes": [],
          "private": "eyJlMmJmYjczMC1lY2FhLTExZTYtOGY4OC0zNDM2M2JjN2M0YzAiOnsiY3JlYXRlIjozNjAwMDAwMDAwMDAwLCJkZWxldGUiOjM2MDAwMDAwMDAwMDAsInJlYWQiOjMwMDAwMDAwMDAwMCwidXBkYXRlIjozNjAwMDAwMDAwMDAwfSwic2NoZW1hX3ZlcnNpb24iOiIyIn0=",
          "dependencies": [
            "azurerm_resource_group.rg_test"
          ]
        },
        {
          "index_key": "westeu1",
          "schema_version": 2,
          "attributes": {
            "access_tier": "Hot",
            "account_kind": "StorageV2",
            "account_replication_type": "LRS",
            "account_tier": "Standard",
            "allow_blob_public_access": false,
            "azure_files_authentication": [],
            "blob_properties": [
              {
                "change_feed_enabled": false,
                "container_delete_retention_policy": [],
                "cors_rule": [],
                "default_service_version": "",
                "delete_retention_policy": [],
                "last_access_time_enabled": false,
                "versioning_enabled": false
              }
            ],
            "custom_domain": [],
            "enable_https_traffic_only": true,
            "id": "/subscriptions/100de0ff-5f8e-4cd1-82e8-995a0e278bab/resourceGroups/rg1-ihar-shatrou-qa/providers/Microsoft.Storage/storageAccounts/sttestiharsqawesteu1",
            "identity": [],
            "is_hns_enabled": false,
            "large_file_share_enabled": null,
            "location": "westeurope",
            "min_tls_version": "TLS1_0",
            "name": "sttestiharsqawesteu1",
            "network_rules": [
              {
                "bypass": [
                  "AzureServices"
                ],
                "default_action": "Allow",
                "ip_rules": [],
                "private_link_access": [],
                "virtual_network_subnet_ids": []
              }
            ],
            "nfsv3_enabled": false,
            "primary_access_key": "pKDOeqMwnPkiu8ENOJvXXGfvTvNaJA3JAhhtoSyFvttcuRttnlIBN2dFH9hyuIkT54wQeHQKTxnL81mGvykOLQ==",
            "primary_blob_connection_string": "DefaultEndpointsProtocol=https;BlobEndpoint=https://sttestiharsqawesteu1.blob.core.windows.net/;AccountName=sttestiharsqawesteu1;AccountKey=pKDOeqMwnPkiu8ENOJvXXGfvTvNaJA3JAhhtoSyFvttcuRttnlIBN2dFH9hyuIkT54wQeHQKTxnL81mGvykOLQ==",
            "primary_blob_endpoint": "https://sttestiharsqawesteu1.blob.core.windows.net/",
            "primary_blob_host": "sttestiharsqawesteu1.blob.core.windows.net",
            "primary_connection_string": "DefaultEndpointsProtocol=https;AccountName=sttestiharsqawesteu1;AccountKey=pKDOeqMwnPkiu8ENOJvXXGfvTvNaJA3JAhhtoSyFvttcuRttnlIBN2dFH9hyuIkT54wQeHQKTxnL81mGvykOLQ==;EndpointSuffix=core.windows.net",
            "primary_dfs_endpoint": "https://sttestiharsqawesteu1.dfs.core.windows.net/",
            "primary_dfs_host": "sttestiharsqawesteu1.dfs.core.windows.net",
            "primary_file_endpoint": "https://sttestiharsqawesteu1.file.core.windows.net/",
            "primary_file_host": "sttestiharsqawesteu1.file.core.windows.net",
            "primary_location": "westeurope",
            "primary_queue_endpoint": "https://sttestiharsqawesteu1.queue.core.windows.net/",
            "primary_queue_host": "sttestiharsqawesteu1.queue.core.windows.net",
            "primary_table_endpoint": "https://sttestiharsqawesteu1.table.core.windows.net/",
            "primary_table_host": "sttestiharsqawesteu1.table.core.windows.net",
            "primary_web_endpoint": "https://sttestiharsqawesteu1.z6.web.core.windows.net/",
            "primary_web_host": "sttestiharsqawesteu1.z6.web.core.windows.net",
            "queue_properties": [
              {
                "cors_rule": [],
                "hour_metrics": [
                  {
                    "enabled": true,
                    "include_apis": true,
                    "retention_policy_days": 7,
                    "version": "1.0"
                  }
                ],
                "logging": [
                  {
                    "delete": false,
                    "read": false,
                    "retention_policy_days": 0,
                    "version": "1.0",
                    "write": false
                  }
                ],
                "minute_metrics": [
                  {
                    "enabled": false,
                    "include_apis": false,
                    "retention_policy_days": 0,
                    "version": "1.0"
                  }
                ]
              }
            ],
            "resource_group_name": "rg1-ihar-shatrou-qa",
            "routing": [],
            "secondary_access_key": "5ETMaIHOXjt2BkKVESoDJoS2NW+hsxYiLNHn0HkS1HmVQpguq9SUertaGb5l/zqXifUPO8XTYEe6VdEogU6sXA==",
            "secondary_blob_connection_string": "",
            "secondary_blob_endpoint": null,
            "secondary_blob_host": null,
            "secondary_connection_string": "DefaultEndpointsProtocol=https;AccountName=sttestiharsqawesteu1;AccountKey=5ETMaIHOXjt2BkKVESoDJoS2NW+hsxYiLNHn0HkS1HmVQpguq9SUertaGb5l/zqXifUPO8XTYEe6VdEogU6sXA==;EndpointSuffix=core.windows.net",
            "secondary_dfs_endpoint": null,
            "secondary_dfs_host": null,
            "secondary_file_endpoint": null,
            "secondary_file_host": null,
            "secondary_location": "",
            "secondary_queue_endpoint": null,
            "secondary_queue_host": null,
            "secondary_table_endpoint": null,
            "secondary_table_host": null,
            "secondary_web_endpoint": null,
            "secondary_web_host": null,
            "share_properties": [
              {
                "cors_rule": [],
                "retention_policy": [
                  {
                    "days": 7
                  }
                ],
                "smb": []
              }
            ],
            "shared_access_key_enabled": true,
            "static_website": [],
            "tags": {
              "environment": "qa",
              "owner": "Ihar-Shatrou",
              "task": "module 3"
            },
            "timeouts": null
          },
          "sensitive_attributes": [],
          "private": "eyJlMmJmYjczMC1lY2FhLTExZTYtOGY4OC0zNDM2M2JjN2M0YzAiOnsiY3JlYXRlIjozNjAwMDAwMDAwMDAwLCJkZWxldGUiOjM2MDAwMDAwMDAwMDAsInJlYWQiOjMwMDAwMDAwMDAwMCwidXBkYXRlIjozNjAwMDAwMDAwMDAwfSwic2NoZW1hX3ZlcnNpb24iOiIyIn0=",
          "dependencies": [
            "azurerm_resource_group.rg_test"
          ]
        },
        {
          "index_key": "westeu2",
          "schema_version": 2,
          "attributes": {
            "access_tier": "Hot",
            "account_kind": "StorageV2",
            "account_replication_type": "LRS",
            "account_tier": "Standard",
            "allow_blob_public_access": false,
            "azure_files_authentication": [],
            "blob_properties": [
              {
                "change_feed_enabled": false,
                "container_delete_retention_policy": [],
                "cors_rule": [],
                "default_service_version": "",
                "delete_retention_policy": [],
                "last_access_time_enabled": false,
                "versioning_enabled": false
              }
            ],
            "custom_domain": [],
            "enable_https_traffic_only": true,
            "id": "/subscriptions/100de0ff-5f8e-4cd1-82e8-995a0e278bab/resourceGroups/rg1-ihar-shatrou-qa/providers/Microsoft.Storage/storageAccounts/sttestiharsqawesteu2",
            "identity": [],
            "is_hns_enabled": false,
            "large_file_share_enabled": null,
            "location": "westeurope",
            "min_tls_version": "TLS1_0",
            "name": "sttestiharsqawesteu2",
            "network_rules": [
              {
                "bypass": [
                  "AzureServices"
                ],
                "default_action": "Allow",
                "ip_rules": [],
                "private_link_access": [],
                "virtual_network_subnet_ids": []
              }
            ],
            "nfsv3_enabled": false,
            "primary_access_key": "G0M/TnG7JKmYlQDLwAkKq6/96gm1DyeB8PDmRrKcLOrGyE9MP24iM4a1/Soimdh6IGezrosUUEBCMLrPHH94lw==",
            "primary_blob_connection_string": "DefaultEndpointsProtocol=https;BlobEndpoint=https://sttestiharsqawesteu2.blob.core.windows.net/;AccountName=sttestiharsqawesteu2;AccountKey=G0M/TnG7JKmYlQDLwAkKq6/96gm1DyeB8PDmRrKcLOrGyE9MP24iM4a1/Soimdh6IGezrosUUEBCMLrPHH94lw==",
            "primary_blob_endpoint": "https://sttestiharsqawesteu2.blob.core.windows.net/",
            "primary_blob_host": "sttestiharsqawesteu2.blob.core.windows.net",
            "primary_connection_string": "DefaultEndpointsProtocol=https;AccountName=sttestiharsqawesteu2;AccountKey=G0M/TnG7JKmYlQDLwAkKq6/96gm1DyeB8PDmRrKcLOrGyE9MP24iM4a1/Soimdh6IGezrosUUEBCMLrPHH94lw==;EndpointSuffix=core.windows.net",
            "primary_dfs_endpoint": "https://sttestiharsqawesteu2.dfs.core.windows.net/",
            "primary_dfs_host": "sttestiharsqawesteu2.dfs.core.windows.net",
            "primary_file_endpoint": "https://sttestiharsqawesteu2.file.core.windows.net/",
            "primary_file_host": "sttestiharsqawesteu2.file.core.windows.net",
            "primary_location": "westeurope",
            "primary_queue_endpoint": "https://sttestiharsqawesteu2.queue.core.windows.net/",
            "primary_queue_host": "sttestiharsqawesteu2.queue.core.windows.net",
            "primary_table_endpoint": "https://sttestiharsqawesteu2.table.core.windows.net/",
            "primary_table_host": "sttestiharsqawesteu2.table.core.windows.net",
            "primary_web_endpoint": "https://sttestiharsqawesteu2.z6.web.core.windows.net/",
            "primary_web_host": "sttestiharsqawesteu2.z6.web.core.windows.net",
            "queue_properties": [
              {
                "cors_rule": [],
                "hour_metrics": [
                  {
                    "enabled": true,
                    "include_apis": true,
                    "retention_policy_days": 7,
                    "version": "1.0"
                  }
                ],
                "logging": [
                  {
                    "delete": false,
                    "read": false,
                    "retention_policy_days": 0,
                    "version": "1.0",
                    "write": false
                  }
                ],
                "minute_metrics": [
                  {
                    "enabled": false,
                    "include_apis": false,
                    "retention_policy_days": 0,
                    "version": "1.0"
                  }
                ]
              }
            ],
            "resource_group_name": "rg1-ihar-shatrou-qa",
            "routing": [],
            "secondary_access_key": "En9Ib6CGR53hLZHgKdc+duvaY0XsFDAGueovxfSHyrqUhECCwMh191G4GRurCNhDmIC17I+VrCslzQFGF4PNMQ==",
            "secondary_blob_connection_string": "",
            "secondary_blob_endpoint": null,
            "secondary_blob_host": null,
            "secondary_connection_string": "DefaultEndpointsProtocol=https;AccountName=sttestiharsqawesteu2;AccountKey=En9Ib6CGR53hLZHgKdc+duvaY0XsFDAGueovxfSHyrqUhECCwMh191G4GRurCNhDmIC17I+VrCslzQFGF4PNMQ==;EndpointSuffix=core.windows.net",
            "secondary_dfs_endpoint": null,
            "secondary_dfs_host": null,
            "secondary_file_endpoint": null,
            "secondary_file_host": null,
            "secondary_location": "",
            "secondary_queue_endpoint": null,
            "secondary_queue_host": null,
            "secondary_table_endpoint": null,
            "secondary_table_host": null,
            "secondary_web_endpoint": null,
            "secondary_web_host": null,
            "share_properties": [
              {
                "cors_rule": [],
                "retention_policy": [
                  {
                    "days": 7
                  }
                ],
                "smb": []
              }
            ],
            "shared_access_key_enabled": true,
            "static_website": [],
            "tags": {
              "environment": "qa",
              "owner": "Ihar-Shatrou",
              "task": "module 3"
            },
            "timeouts": null
          },
          "sensitive_attributes": [],
          "private": "eyJlMmJmYjczMC1lY2FhLTExZTYtOGY4OC0zNDM2M2JjN2M0YzAiOnsiY3JlYXRlIjozNjAwMDAwMDAwMDAwLCJkZWxldGUiOjM2MDAwMDAwMDAwMDAsInJlYWQiOjMwMDAwMDAwMDAwMCwidXBkYXRlIjozNjAwMDAwMDAwMDAwfSwic2NoZW1hX3ZlcnNpb24iOiIyIn0=",
          "dependencies": [
            "azurerm_resource_group.rg_test"
          ]
        }
      ]
    },
    {
      "mode": "managed",
      "type": "random_password",
      "name": "sql_server_pass",
      "provider": "provider[\"registry.terraform.io/hashicorp/random\"]",
      "instances": [
        {
          "schema_version": 0,
          "attributes": {
            "id": "none",
            "keepers": null,
            "length": 16,
            "lower": true,
            "min_lower": 0,
            "min_numeric": 0,
            "min_special": 0,
            "min_upper": 0,
            "number": true,
            "override_special": "_%@",
            "result": "q5BykGydfhlA4PT%",
            "special": true,
            "upper": true
          },
          "sensitive_attributes": [],
          "private": "bnVsbA=="
        }
      ]
    },
    {
      "module": "module.function_app",
      "mode": "data",
      "type": "azurerm_storage_account",
      "name": "sa1-westeu1",
      "provider": "provider[\"registry.terraform.io/hashicorp/azurerm\"]",
      "instances": [
        {
          "schema_version": 0,
          "attributes": {
            "access_tier": "Hot",
            "account_kind": "StorageV2",
            "account_replication_type": "LRS",
            "account_tier": "Standard",
            "allow_blob_public_access": false,
            "custom_domain": null,
            "enable_https_traffic_only": true,
            "id": "/subscriptions/100de0ff-5f8e-4cd1-82e8-995a0e278bab/resourceGroups/rg1-ihar-shatrou-qa/providers/Microsoft.Storage/storageAccounts/sttestiharsqawesteu1",
            "is_hns_enabled": false,
            "location": "westeurope",
            "min_tls_version": "TLS1_0",
            "name": "sttestiharsqawesteu1",
            "primary_access_key": "pKDOeqMwnPkiu8ENOJvXXGfvTvNaJA3JAhhtoSyFvttcuRttnlIBN2dFH9hyuIkT54wQeHQKTxnL81mGvykOLQ==",
            "primary_blob_connection_string": "DefaultEndpointsProtocol=https;BlobEndpoint=https://sttestiharsqawesteu1.blob.core.windows.net/;AccountName=sttestiharsqawesteu1;AccountKey=pKDOeqMwnPkiu8ENOJvXXGfvTvNaJA3JAhhtoSyFvttcuRttnlIBN2dFH9hyuIkT54wQeHQKTxnL81mGvykOLQ==",
            "primary_blob_endpoint": "https://sttestiharsqawesteu1.blob.core.windows.net/",
            "primary_blob_host": "sttestiharsqawesteu1.blob.core.windows.net",
            "primary_connection_string": "DefaultEndpointsProtocol=https;AccountName=sttestiharsqawesteu1;AccountKey=pKDOeqMwnPkiu8ENOJvXXGfvTvNaJA3JAhhtoSyFvttcuRttnlIBN2dFH9hyuIkT54wQeHQKTxnL81mGvykOLQ==;EndpointSuffix=core.windows.net",
            "primary_dfs_endpoint": "https://sttestiharsqawesteu1.dfs.core.windows.net/",
            "primary_dfs_host": "sttestiharsqawesteu1.dfs.core.windows.net",
            "primary_file_endpoint": "https://sttestiharsqawesteu1.file.core.windows.net/",
            "primary_file_host": "sttestiharsqawesteu1.file.core.windows.net",
            "primary_location": "westeurope",
            "primary_queue_endpoint": "https://sttestiharsqawesteu1.queue.core.windows.net/",
            "primary_queue_host": "sttestiharsqawesteu1.queue.core.windows.net",
            "primary_table_endpoint": "https://sttestiharsqawesteu1.table.core.windows.net/",
            "primary_table_host": "sttestiharsqawesteu1.table.core.windows.net",
            "primary_web_endpoint": "https://sttestiharsqawesteu1.z6.web.core.windows.net/",
            "primary_web_host": "sttestiharsqawesteu1.z6.web.core.windows.net",
            "resource_group_name": "rg1-ihar-shatrou-qa",
            "secondary_access_key": "5ETMaIHOXjt2BkKVESoDJoS2NW+hsxYiLNHn0HkS1HmVQpguq9SUertaGb5l/zqXifUPO8XTYEe6VdEogU6sXA==",
            "secondary_blob_connection_string": "",
            "secondary_blob_endpoint": null,
            "secondary_blob_host": null,
            "secondary_connection_string": "DefaultEndpointsProtocol=https;AccountName=sttestiharsqawesteu1;AccountKey=5ETMaIHOXjt2BkKVESoDJoS2NW+hsxYiLNHn0HkS1HmVQpguq9SUertaGb5l/zqXifUPO8XTYEe6VdEogU6sXA==;EndpointSuffix=core.windows.net",
            "secondary_dfs_endpoint": null,
            "secondary_dfs_host": null,
            "secondary_file_endpoint": null,
            "secondary_file_host": null,
            "secondary_location": "",
            "secondary_queue_endpoint": null,
            "secondary_queue_host": null,
            "secondary_table_endpoint": null,
            "secondary_table_host": null,
            "secondary_web_endpoint": null,
            "secondary_web_host": null,
            "tags": {
              "environment": "qa",
              "owner": "Ihar-Shatrou",
              "task": "module 3"
            },
            "timeouts": null
          },
          "sensitive_attributes": []
        }
      ]
    },
    {
      "module": "module.function_app",
      "mode": "managed",
      "type": "azurerm_app_service_plan",
      "name": "asp",
      "provider": "provider[\"registry.terraform.io/hashicorp/azurerm\"]",
      "instances": [
        {
          "schema_version": 0,
          "attributes": {
            "app_service_environment_id": "",
            "id": "/subscriptions/100de0ff-5f8e-4cd1-82e8-995a0e278bab/resourceGroups/rg1-ihar-shatrou-qa/providers/Microsoft.Web/serverfarms/asp-ihar-shatrou-qa",
            "is_xenon": false,
            "kind": "Windows",
            "location": "westeurope",
            "maximum_elastic_worker_count": 1,
            "maximum_number_of_workers": 1,
            "name": "asp-ihar-shatrou-qa",
            "per_site_scaling": false,
            "reserved": false,
            "resource_group_name": "rg1-ihar-shatrou-qa",
            "sku": [
              {
                "capacity": 0,
                "size": "F1",
                "tier": "Free"
              }
            ],
            "tags": null,
            "timeouts": null,
            "zone_redundant": false
          },
          "sensitive_attributes": [],
          "private": "eyJlMmJmYjczMC1lY2FhLTExZTYtOGY4OC0zNDM2M2JjN2M0YzAiOnsiY3JlYXRlIjozNjAwMDAwMDAwMDAwLCJkZWxldGUiOjM2MDAwMDAwMDAwMDAsInJlYWQiOjMwMDAwMDAwMDAwMCwidXBkYXRlIjozNjAwMDAwMDAwMDAwfX0=",
          "dependencies": [
            "azurerm_resource_group.rg_test",
            "azurerm_storage_account.sa1"
          ]
        }
      ]
    },
    {
      "module": "module.function_app",
      "mode": "managed",
      "type": "azurerm_function_app",
      "name": "fa",
      "provider": "provider[\"registry.terraform.io/hashicorp/azurerm\"]",
      "instances": [
        {
          "schema_version": 0,
          "attributes": {
            "app_service_plan_id": "/subscriptions/100de0ff-5f8e-4cd1-82e8-995a0e278bab/resourceGroups/rg1-ihar-shatrou-qa/providers/Microsoft.Web/serverfarms/asp-ihar-shatrou-qa",
            "app_settings": {},
            "auth_settings": [
              {
                "active_directory": [],
                "additional_login_params": {},
                "allowed_external_redirect_urls": [],
                "default_provider": "",
                "enabled": false,
                "facebook": [],
                "google": [],
                "issuer": "",
                "microsoft": [],
                "runtime_version": "",
                "token_refresh_extension_hours": 0,
                "token_store_enabled": false,
                "twitter": [],
                "unauthenticated_client_action": ""
              }
            ],
            "client_affinity_enabled": false,
            "client_cert_mode": "",
            "connection_string": [],
            "custom_domain_verification_id": "C6316F982B6553262320FBD132015B81BBC5622AAFBB97B9F3FFC14358A6BFA4",
            "daily_memory_time_quota": 0,
            "default_hostname": "fa-ihar-shatrou-qa.azurewebsites.net",
            "enable_builtin_logging": true,
            "enabled": true,
            "https_only": false,
            "id": "/subscriptions/100de0ff-5f8e-4cd1-82e8-995a0e278bab/resourceGroups/rg1-ihar-shatrou-qa/providers/Microsoft.Web/sites/fa-ihar-shatrou-qa",
            "identity": [],
            "kind": "functionapp",
            "location": "westeurope",
            "name": "fa-ihar-shatrou-qa",
            "os_type": "",
            "outbound_ip_addresses": "20.93.253.239,20.93.253.253,20.93.253.129,20.93.254.45,20.93.254.46,20.93.253.177,20.50.2.64",
            "possible_outbound_ip_addresses": "20.93.253.239,20.93.253.253,20.93.253.129,20.93.254.45,20.93.254.46,20.93.253.177,20.93.253.181,20.93.253.201,20.93.253.203,20.93.253.205,20.93.253.67,20.93.254.24,20.93.254.26,20.93.254.29,20.93.253.251,20.93.254.33,20.93.254.42,20.93.254.35,20.93.254.36,20.93.254.37,20.93.250.91,20.93.254.38,20.101.0.16,20.101.0.135,20.101.0.184,20.101.0.249,20.101.1.8,20.101.1.162,20.101.1.173,20.101.2.91,20.50.2.64",
            "resource_group_name": "rg1-ihar-shatrou-qa",
            "site_config": [
              {
                "always_on": false,
                "app_scale_limit": 0,
                "auto_swap_slot_name": "",
                "cors": [],
                "dotnet_framework_version": "v4.0",
                "elastic_instance_minimum": 0,
                "ftps_state": "AllAllowed",
                "health_check_path": "",
                "http2_enabled": false,
                "ip_restriction": [],
                "java_version": "",
                "linux_fx_version": "",
                "min_tls_version": "1.2",
                "pre_warmed_instance_count": 0,
                "runtime_scale_monitoring_enabled": false,
                "scm_ip_restriction": [],
                "scm_type": "None",
                "scm_use_main_ip_restriction": false,
                "use_32_bit_worker_process": true,
                "websockets_enabled": false
              }
            ],
            "site_credential": [
              {
                "password": "mlm43TgNHagrQNbTZwF8NohhvEgc0irEDcD1pqosSkWf3oi13Zl2yoA5jvmn",
                "username": "$fa-ihar-shatrou-qa"
              }
            ],
            "source_control": [
              {
                "branch": "master",
                "manual_integration": false,
                "repo_url": "",
                "rollback_enabled": false,
                "use_mercurial": false
              }
            ],
            "storage_account_access_key": "pKDOeqMwnPkiu8ENOJvXXGfvTvNaJA3JAhhtoSyFvttcuRttnlIBN2dFH9hyuIkT54wQeHQKTxnL81mGvykOLQ==",
            "storage_account_name": "sttestiharsqawesteu1",
            "storage_connection_string": "DefaultEndpointsProtocol=https;AccountName=sttestiharsqawesteu1;AccountKey=pKDOeqMwnPkiu8ENOJvXXGfvTvNaJA3JAhhtoSyFvttcuRttnlIBN2dFH9hyuIkT54wQeHQKTxnL81mGvykOLQ==;EndpointSuffix=core.windows.net",
            "tags": null,
            "timeouts": null,
            "version": "~1"
          },
          "sensitive_attributes": [
            [
              {
                "type": "get_attr",
                "value": "storage_account_access_key"
              }
            ]
          ],
          "private": "eyJlMmJmYjczMC1lY2FhLTExZTYtOGY4OC0zNDM2M2JjN2M0YzAiOnsiY3JlYXRlIjoxODAwMDAwMDAwMDAwLCJkZWxldGUiOjE4MDAwMDAwMDAwMDAsInJlYWQiOjMwMDAwMDAwMDAwMCwidXBkYXRlIjoxODAwMDAwMDAwMDAwfX0=",
          "dependencies": [
            "azurerm_resource_group.rg_test",
            "azurerm_storage_account.sa1",
            "module.function_app.azurerm_app_service_plan.asp",
            "module.function_app.data.azurerm_storage_account.sa1-westeu1"
          ]
        }
      ]
    },
    {
      "module": "module.sql",
      "mode": "managed",
      "type": "azurerm_mssql_database",
      "name": "sql_database",
      "provider": "provider[\"registry.terraform.io/hashicorp/azurerm\"]",
      "instances": [
        {
          "schema_version": 1,
          "attributes": {
            "auto_pause_delay_in_minutes": 0,
            "collation": "SQL_Latin1_General_CP1_CI_AS",
            "create_mode": "Default",
            "creation_source_database_id": null,
            "elastic_pool_id": "",
            "extended_auditing_policy": [],
            "geo_backup_enabled": true,
            "id": "/subscriptions/100de0ff-5f8e-4cd1-82e8-995a0e278bab/resourceGroups/rg1-ihar-shatrou-qa/providers/Microsoft.Sql/servers/sql-serv-ihar-shatrou-qa/databases/sql-db-ihar_shatrou-qa",
            "license_type": "LicenseIncluded",
            "long_term_retention_policy": [
              {
                "monthly_retention": "PT0S",
                "week_of_year": 0,
                "weekly_retention": "PT0S",
                "yearly_retention": "PT0S"
              }
            ],
            "max_size_gb": 32,
            "min_capacity": 0,
            "name": "sql-db-ihar_shatrou-qa",
            "read_replica_count": 0,
            "read_scale": false,
            "recover_database_id": null,
            "restore_dropped_database_id": null,
            "restore_point_in_time": null,
            "sample_name": null,
            "server_id": "/subscriptions/100de0ff-5f8e-4cd1-82e8-995a0e278bab/resourceGroups/rg1-ihar-shatrou-qa/providers/Microsoft.Sql/servers/sql-serv-ihar-shatrou-qa",
            "short_term_retention_policy": [
              {
                "retention_days": 7
              }
            ],
            "sku_name": "GP_Gen5_2",
            "storage_account_type": "GRS",
            "tags": null,
            "threat_detection_policy": [
              {
                "disabled_alerts": [],
                "email_account_admins": "Disabled",
                "email_addresses": [],
                "retention_days": 0,
                "state": "Disabled",
                "storage_account_access_key": "",
                "storage_endpoint": "",
                "use_server_default": "Disabled"
              }
            ],
            "timeouts": null,
            "zone_redundant": false
          },
          "sensitive_attributes": [],
          "private": "eyJlMmJmYjczMC1lY2FhLTExZTYtOGY4OC0zNDM2M2JjN2M0YzAiOnsiY3JlYXRlIjozNjAwMDAwMDAwMDAwLCJkZWxldGUiOjM2MDAwMDAwMDAwMDAsInJlYWQiOjMwMDAwMDAwMDAwMCwidXBkYXRlIjozNjAwMDAwMDAwMDAwfSwic2NoZW1hX3ZlcnNpb24iOiIxIn0=",
          "dependencies": [
            "azurerm_resource_group.rg_test",
            "module.sql.azurerm_mssql_server.sql_server",
            "random_password.sql_server_pass"
          ]
        }
      ]
    },
    {
      "module": "module.sql",
      "mode": "managed",
      "type": "azurerm_mssql_server",
      "name": "sql_server",
      "provider": "provider[\"registry.terraform.io/hashicorp/azurerm\"]",
      "instances": [
        {
          "schema_version": 0,
          "attributes": {
            "administrator_login": "sqladmin",
            "administrator_login_password": "q5BykGydfhlA4PT%",
            "azuread_administrator": [],
            "connection_policy": "Default",
            "extended_auditing_policy": [],
            "fully_qualified_domain_name": "sql-serv-ihar-shatrou-qa.database.windows.net",
            "id": "/subscriptions/100de0ff-5f8e-4cd1-82e8-995a0e278bab/resourceGroups/rg1-ihar-shatrou-qa/providers/Microsoft.Sql/servers/sql-serv-ihar-shatrou-qa",
            "identity": [],
            "location": "westeurope",
            "minimum_tls_version": "",
            "name": "sql-serv-ihar-shatrou-qa",
            "public_network_access_enabled": true,
            "resource_group_name": "rg1-ihar-shatrou-qa",
            "restorable_dropped_database_ids": [],
            "tags": null,
            "timeouts": null,
            "version": "12.0"
          },
          "sensitive_attributes": [
            [
              {
                "type": "get_attr",
                "value": "administrator_login_password"
              }
            ]
          ],
          "private": "eyJlMmJmYjczMC1lY2FhLTExZTYtOGY4OC0zNDM2M2JjN2M0YzAiOnsiY3JlYXRlIjozNjAwMDAwMDAwMDAwLCJkZWxldGUiOjM2MDAwMDAwMDAwMDAsInJlYWQiOjMwMDAwMDAwMDAwMCwidXBkYXRlIjozNjAwMDAwMDAwMDAwfX0=",
          "dependencies": [
            "azurerm_resource_group.rg_test",
            "random_password.sql_server_pass"
          ]
        }
      ]
    },
    {
      "module": "module.sql",
      "mode": "managed",
      "type": "azurerm_sql_firewall_rule",
      "name": "sql_fw_rule",
      "provider": "provider[\"registry.terraform.io/hashicorp/azurerm\"]",
      "instances": [
        {
          "schema_version": 0,
          "attributes": {
            "end_ip_address": "10.0.17.62",
            "id": "/subscriptions/100de0ff-5f8e-4cd1-82e8-995a0e278bab/resourceGroups/rg1-ihar-shatrou-qa/providers/Microsoft.Sql/servers/sql-serv-ihar-shatrou-qa/firewallRules/sql-fw-ihar-shatrou-qa",
            "name": "sql-fw-ihar-shatrou-qa",
            "resource_group_name": "rg1-ihar-shatrou-qa",
            "server_name": "sql-serv-ihar-shatrou-qa",
            "start_ip_address": "10.0.17.62",
            "timeouts": null
          },
          "sensitive_attributes": [],
          "private": "eyJlMmJmYjczMC1lY2FhLTExZTYtOGY4OC0zNDM2M2JjN2M0YzAiOnsiY3JlYXRlIjoxODAwMDAwMDAwMDAwLCJkZWxldGUiOjE4MDAwMDAwMDAwMDAsInJlYWQiOjMwMDAwMDAwMDAwMCwidXBkYXRlIjoxODAwMDAwMDAwMDAwfX0=",
          "dependencies": [
            "azurerm_resource_group.rg_test",
            "module.sql.azurerm_mssql_server.sql_server",
            "random_password.sql_server_pass"
          ]
        }
      ]
    }
  ]
}
